
Microsoft Visual Studio Solution File, Format Version 12.00
# Visual Studio 15
VisualStudioVersion = 15.0.27130.2027
MinimumVisualStudioVersion = 10.0.40219.1
Project("{8BC9CEB8-8B4A-11D0-8D11-00A0C91BC942}") = "OpenGL_practice", "OpenGL_practice\OpenGL_practice.vcxproj", "{767858AF-AD91-40AB-9424-799098A008A8}"
EndProject
Global
	GlobalSection(SolutionConfigurationPlatforms) = preSolution
		Debug|x64 = Debug|x64
		Debug|x86 = Debug|x86
		Release|x64 = Release|x64
		Release|x86 = Release|x86
	EndGlobalSection
	GlobalSection(ProjectConfigurationPlatforms) = postSolution
		{767858AF-AD91-40AB-9424-799098A008A8}.Debug|x64.ActiveCfg = Debug|x64
		{767858AF-AD91-40AB-9424-799098A008A8}.Debug|x64.Build.0 = Debug|x64
		{767858AF-AD91-40AB-9424-799098A008A8}.Debug|x86.ActiveCfg = Debug|Win32
		{767858AF-AD91-40AB-9424-799098A008A8}.Debug|x86.Build.0 = Debug|Win32
		{767858AF-AD91-40AB-9424-799098A008A8}.Release|x64.ActiveCfg = Release|x64
		{767858AF-AD91-40AB-9424-799098A008A8}.Release|x64.Build.0 = Release|x64
		{767858AF-AD91-40AB-9424-799098A008A8}.Release|x86.ActiveCfg = Release|Win32
		{767858AF-AD91-40AB-9424-799098A008A8}.Release|x86.Build.0 = Release|Win32
	EndGlobalSection
	GlobalSection(SolutionProperties) = preSolution
		HideSolutionNode = FALSE
	EndGlobalSection
	GlobalSection(ExtensibilityGlobals) = postSolution
		SolutionGuid = {C18D40B1-D80F-45F0-B854-E316E1CEB47C}
	EndGlobalSection
EndGlobal
